<?xml version="1.0" encoding="utf-8"?>
<Project ToolsVersion="4.0" xmlns="http://schemas.microsoft.com/developer/msbuild/2003">
  <ItemGroup>
    <Filter Include="EADEngine">
      <UniqueIdentifier>{65F3CA6F-D15D-7FE6-1A9C-308C86455D3B}</UniqueIdentifier>
    </Filter>
  </ItemGroup>
  <ItemGroup>
    <ClInclude Include="src\EADEngine.h" />
    <ClInclude Include="src\EADEngine\Application.h">
      <Filter>EADEngine</Filter>
    </ClInclude>
    <ClInclude Include="src\EADEngine\Core.h">
      <Filter>EADEngine</Filter>
    </ClInclude>
    <ClInclude Include="src\EADEngine\EntryPoint.h">
      <Filter>EADEngine</Filter>
    </ClInclude>
    <ClInclude Include="src\EADEngine\Log.h">
      <Filter>EADEngine</Filter>
    </ClInclude>
    <ClInclude Include="src\EADEngine\Events\ApplicationEvent.h" />
    <ClInclude Include="src\EADEngine\Events\Event.h" />
    <ClInclude Include="src\EADEngine\Events\KeyEvent.h" />
    <ClInclude Include="src\EADEngine\Events\MouseEvent.h" />
  </ItemGroup>
  <ItemGroup>
    <ClCompile Include="src\EADEngine\Application.cpp">
      <Filter>EADEngine</Filter>
    </ClCompile>
    <ClCompile Include="src\EADEngine\Log.cpp">
      <Filter>EADEngine</Filter>
    </ClCompile>
  </ItemGroup>
</Project>